
Microsoft Visual Studio Solution File, Format Version 12.00
# Visual Studio 15
VisualStudioVersion = 15.0.27428.2037
MinimumVisualStudioVersion = 10.0.40219.1
Project("{FAE04EC0-301F-11D3-BF4B-00C04F79EFBC}") = "Battleship2.0", "Battleship2.0\Battleship2.0.csproj", "{A0CA790C-DDF2-4156-9C87-F3682F5FFC1E}"
EndProject
Global
	GlobalSection(SolutionConfigurationPlatforms) = preSolution
		Debug|Any CPU = Debug|Any CPU
		Release|Any CPU = Release|Any CPU
	EndGlobalSection
	GlobalSection(ProjectConfigurationPlatforms) = postSolution
		{A0CA790C-DDF2-4156-9C87-F3682F5FFC1E}.Debug|Any CPU.ActiveCfg = Debug|Any CPU
		{A0CA790C-DDF2-4156-9C87-F3682F5FFC1E}.Debug|Any CPU.Build.0 = Debug|Any CPU
		{A0CA790C-DDF2-4156-9C87-F3682F5FFC1E}.Release|Any CPU.ActiveCfg = Release|Any CPU
		{A0CA790C-DDF2-4156-9C87-F3682F5FFC1E}.Release|Any CPU.Build.0 = Release|Any CPU
	EndGlobalSection
	GlobalSection(SolutionProperties) = preSolution
		HideSolutionNode = FALSE
	EndGlobalSection
	GlobalSection(ExtensibilityGlobals) = postSolution
		SolutionGuid = {848CC7C6-86A3-4F51-AA0B-5B5C5E6328DE}
	EndGlobalSection
EndGlobal
